PODS:
  - ConfettiView-NSHipster (0.1.0)

DEPENDENCIES:
  - ConfettiView-NSHipster (from `../`)

EXTERNAL SOURCES:
  ConfettiView-NSHipster:
    :path: "../"

SPEC CHECKSUMS:
  ConfettiView-NSHipster: 323997424f2c612aa886902d5e12dadb75772e9b

PODFILE CHECKSUM: 496d8382333330f9d0060f753155793201d3144c

COCOAPODS: 1.10.1
